// !$*UTF8*$!
{
	archiveVersion = 1;
	classes = {
	};
	objectVersion = 46;
	objects = {

/* Begin PBXBuildFile section */
		B2AAD6571C061C0F00AFBBB9 /* AppDelegate.swift in Sources */ = {isa = PBXBuildFile; fileRef = B2AAD6561C061C0F00AFBBB9 /* AppDelegate.swift */; };
		B2AAD6591C061C0F00AFBBB9 /* ViewController.swift in Sources */ = {isa = PBXBuildFile; fileRef = B2AAD6581C061C0F00AFBBB9 /* ViewController.swift */; };
		B2AAD65C1C061C0F00AFBBB9 /* Main.storyboard in Resources */ = {isa = PBXBuildFile; fileRef = B2AAD65A1C061C0F00AFBBB9 /* Main.storyboard */; };
		B2AAD65F1C061C0F00AFBBB9 /* HelloFBSDK.xcdatamodeld in Sources */ = {isa = PBXBuildFile; fileRef = B2AAD65D1C061C0F00AFBBB9 /* HelloFBSDK.xcdatamodeld */; };
		B2AAD6611C061C0F00AFBBB9 /* Assets.xcassets in Resources */ = {isa = PBXBuildFile; fileRef = B2AAD6601C061C0F00AFBBB9 /* Assets.xcassets */; };
		B2AAD6641C061C0F00AFBBB9 /* LaunchScreen.storyboard in Resources */ = {isa = PBXBuildFile; fileRef = B2AAD6621C061C0F00AFBBB9 /* LaunchScreen.storyboard */; };
		B2AAD66F1C061C0F00AFBBB9 /* HelloFBSDKTests.swift in Sources */ = {isa = PBXBuildFile; fileRef = B2AAD66E1C061C0F00AFBBB9 /* HelloFBSDKTests.swift */; };
		B2AAD67A1C061C0F00AFBBB9 /* HelloFBSDKUITests.swift in Sources */ = {isa = PBXBuildFile; fileRef = B2AAD6791C061C0F00AFBBB9 /* HelloFBSDKUITests.swift */; };
		B2AAD68F1C061CBB00AFBBB9 /* Bolts.framework in Frameworks */ = {isa = PBXBuildFile; fileRef = B2AAD6881C061CBB00AFBBB9 /* Bolts.framework */; };
		B2AAD6901C061CBB00AFBBB9 /* FacebookSDKStrings.bundle in Resources */ = {isa = PBXBuildFile; fileRef = B2AAD6891C061CBB00AFBBB9 /* FacebookSDKStrings.bundle */; };
		B2AAD6911C061CBB00AFBBB9 /* FBAudienceNetwork.framework in Frameworks */ = {isa = PBXBuildFile; fileRef = B2AAD68A1C061CBB00AFBBB9 /* FBAudienceNetwork.framework */; };
		B2AAD6921C061CBB00AFBBB9 /* FBSDKCoreKit.framework in Frameworks */ = {isa = PBXBuildFile; fileRef = B2AAD68B1C061CBB00AFBBB9 /* FBSDKCoreKit.framework */; };
		B2AAD6931C061CBB00AFBBB9 /* FBSDKLoginKit.framework in Frameworks */ = {isa = PBXBuildFile; fileRef = B2AAD68C1C061CBB00AFBBB9 /* FBSDKLoginKit.framework */; };
		B2AAD6941C061CBB00AFBBB9 /* FBSDKMessengerShareKit.framework in Frameworks */ = {isa = PBXBuildFile; fileRef = B2AAD68D1C061CBB00AFBBB9 /* FBSDKMessengerShareKit.framework */; };
		B2AAD6951C061CBB00AFBBB9 /* FBSDKShareKit.framework in Frameworks */ = {isa = PBXBuildFile; fileRef = B2AAD68E1C061CBB00AFBBB9 /* FBSDKShareKit.framework */; };
		B2AAD69A1C06220400AFBBB9 /* Default-568h@2x.png in Resources */ = {isa = PBXBuildFile; fileRef = B2AAD6991C06220400AFBBB9 /* Default-568h@2x.png */; };
/* End PBXBuildFile section */

/* Begin PBXContainerItemProxy section */
		B2AAD66B1C061C0F00AFBBB9 /* PBXContainerItemProxy */ = {
			isa = PBXContainerItemProxy;
			containerPortal = B2AAD64B1C061C0F00AFBBB9 /* Project object */;
			proxyType = 1;
			remoteGlobalIDString = B2AAD6521C061C0F00AFBBB9;
			remoteInfo = HelloFBSDK;
		};
		B2AAD6761C061C0F00AFBBB9 /* PBXContainerItemProxy */ = {
			isa = PBXContainerItemProxy;
			containerPortal = B2AAD64B1C061C0F00AFBBB9 /* Project object */;
			proxyType = 1;
			remoteGlobalIDString = B2AAD6521C061C0F00AFBBB9;
			remoteInfo = HelloFBSDK;
		};
/* End PBXContainerItemProxy section */

/* Begin PBXFileReference section */
		B2AAD6531C061C0F00AFBBB9 /* HelloFSDK.app */ = {isa = PBXFileReference; explicitFileType = wrapper.application; includeInIndex = 0; path = HelloFSDK.app; sourceTree = BUILT_PRODUCTS_DIR; };
		B2AAD6561C061C0F00AFBBB9 /* AppDelegate.swift */ = {isa = PBXFileReference; lastKnownFileType = sourcecode.swift; path = AppDelegate.swift; sourceTree = "<group>"; };
		B2AAD6581C061C0F00AFBBB9 /* ViewController.swift */ = {isa = PBXFileReference; lastKnownFileType = sourcecode.swift; path = ViewController.swift; sourceTree = "<group>"; };
		B2AAD65B1C061C0F00AFBBB9 /* Base */ = {isa = PBXFileReference; lastKnownFileType = file.storyboard; name = Base; path = Base.lproj/Main.storyboard; sourceTree = "<group>"; };
		B2AAD65E1C061C0F00AFBBB9 /* HelloFBSDK.xcdatamodel */ = {isa = PBXFileReference; lastKnownFileType = wrapper.xcdatamodel; path = HelloFBSDK.xcdatamodel; sourceTree = "<group>"; };
		B2AAD6601C061C0F00AFBBB9 /* Assets.xcassets */ = {isa = PBXFileReference; lastKnownFileType = folder.assetcatalog; path = Assets.xcassets; sourceTree = "<group>"; };
		B2AAD6631C061C0F00AFBBB9 /* Base */ = {isa = PBXFileReference; lastKnownFileType = file.storyboard; name = Base; path = Base.lproj/LaunchScreen.storyboard; sourceTree = "<group>"; };
		B2AAD6651C061C0F00AFBBB9 /* Info.plist */ = {isa = PBXFileReference; lastKnownFileType = text.plist.xml; path = Info.plist; sourceTree = "<group>"; };
		B2AAD66A1C061C0F00AFBBB9 /* HelloFSDK.xctest */ = {isa = PBXFileReference; explicitFileType = wrapper.cfbundle; includeInIndex = 0; path = HelloFSDK.xctest; sourceTree = BUILT_PRODUCTS_DIR; };
		B2AAD66E1C061C0F00AFBBB9 /* HelloFBSDKTests.swift */ = {isa = PBXFileReference; lastKnownFileType = sourcecode.swift; path = HelloFBSDKTests.swift; sourceTree = "<group>"; };
		B2AAD6701C061C0F00AFBBB9 /* Info.plist */ = {isa = PBXFileReference; lastKnownFileType = text.plist.xml; path = Info.plist; sourceTree = "<group>"; };
		B2AAD6751C061C0F00AFBBB9 /* HelloFSDK.xctest */ = {isa = PBXFileReference; explicitFileType = wrapper.cfbundle; includeInIndex = 0; path = HelloFSDK.xctest; sourceTree = BUILT_PRODUCTS_DIR; };
		B2AAD6791C061C0F00AFBBB9 /* HelloFBSDKUITests.swift */ = {isa = PBXFileReference; lastKnownFileType = sourcecode.swift; path = HelloFBSDKUITests.swift; sourceTree = "<group>"; };
		B2AAD67B1C061C0F00AFBBB9 /* Info.plist */ = {isa = PBXFileReference; lastKnownFileType = text.plist.xml; path = Info.plist; sourceTree = "<group>"; };
		B2AAD6881C061CBB00AFBBB9 /* Bolts.framework */ = {isa = PBXFileReference; lastKnownFileType = wrapper.framework; path = Bolts.framework; sourceTree = "<group>"; };
		B2AAD6891C061CBB00AFBBB9 /* FacebookSDKStrings.bundle */ = {isa = PBXFileReference; lastKnownFileType = "wrapper.plug-in"; path = FacebookSDKStrings.bundle; sourceTree = "<group>"; };
		B2AAD68A1C061CBB00AFBBB9 /* FBAudienceNetwork.framework */ = {isa = PBXFileReference; lastKnownFileType = wrapper.framework; path = FBAudienceNetwork.framework; sourceTree = "<group>"; };
		B2AAD68B1C061CBB00AFBBB9 /* FBSDKCoreKit.framework */ = {isa = PBXFileReference; lastKnownFileType = wrapper.framework; path = FBSDKCoreKit.framework; sourceTree = "<group>"; };
		B2AAD68C1C061CBB00AFBBB9 /* FBSDKLoginKit.framework */ = {isa = PBXFileReference; lastKnownFileType = wrapper.framework; path = FBSDKLoginKit.framework; sourceTree = "<group>"; };
		B2AAD68D1C061CBB00AFBBB9 /* FBSDKMessengerShareKit.framework */ = {isa = PBXFileReference; lastKnownFileType = wrapper.framework; path = FBSDKMessengerShareKit.framework; sourceTree = "<group>"; };
		B2AAD68E1C061CBB00AFBBB9 /* FBSDKShareKit.framework */ = {isa = PBXFileReference; lastKnownFileType = wrapper.framework; path = FBSDKShareKit.framework; sourceTree = "<group>"; };
		B2AAD6961C061CD300AFBBB9 /* HelloFBSDK-Bridging-Header.h */ = {isa = PBXFileReference; lastKnownFileType = sourcecode.c.h; path = "HelloFBSDK-Bridging-Header.h"; sourceTree = "<group>"; };
		B2AAD6991C06220400AFBBB9 /* Default-568h@2x.png */ = {isa = PBXFileReference; lastKnownFileType = image.png; path = "Default-568h@2x.png"; sourceTree = "<group>"; };
/* End PBXFileReference section */

/* Begin PBXFrameworksBuildPhase section */
		B2AAD6501C061C0F00AFBBB9 /* Frameworks */ = {
			isa = PBXFrameworksBuildPhase;
			buildActionMask = 2147483647;
			files = (
				B2AAD68F1C061CBB00AFBBB9 /* Bolts.framework in Frameworks */,
				B2AAD6921C061CBB00AFBBB9 /* FBSDKCoreKit.framework in Frameworks */,
				B2AAD6951C061CBB00AFBBB9 /* FBSDKShareKit.framework in Frameworks */,
				B2AAD6941C061CBB00AFBBB9 /* FBSDKMessengerShareKit.framework in Frameworks */,
				B2AAD6931C061CBB00AFBBB9 /* FBSDKLoginKit.framework in Frameworks */,
				B2AAD6911C061CBB00AFBBB9 /* FBAudienceNetwork.framework in Frameworks */,
			);
			runOnlyForDeploymentPostprocessing = 0;
		};
		B2AAD6671C061C0F00AFBBB9 /* Frameworks */ = {
			isa = PBXFrameworksBuildPhase;
			buildActionMask = 2147483647;
			files = (
			);
			runOnlyForDeploymentPostprocessing = 0;
		};
		B2AAD6721C061C0F00AFBBB9 /* Frameworks */ = {
			isa = PBXFrameworksBuildPhase;
			buildActionMask = 2147483647;
			files = (
			);
			runOnlyForDeploymentPostprocessing = 0;
		};
/* End PBXFrameworksBuildPhase section */

/* Begin PBXGroup section */
		B2AAD64A1C061C0F00AFBBB9 = {
			isa = PBXGroup;
			children = (
				B2AAD6991C06220400AFBBB9 /* Default-568h@2x.png */,
				B2AAD6551C061C0F00AFBBB9 /* HelloFBSDK */,
				B2AAD66D1C061C0F00AFBBB9 /* HelloFBSDKTests */,
				B2AAD6781C061C0F00AFBBB9 /* HelloFBSDKUITests */,
				B2AAD6541C061C0F00AFBBB9 /* Products */,
			);
			sourceTree = "<group>";
		};
		B2AAD6541C061C0F00AFBBB9 /* Products */ = {
			isa = PBXGroup;
			children = (
				B2AAD6531C061C0F00AFBBB9 /* HelloFSDK.app */,
				B2AAD66A1C061C0F00AFBBB9 /* HelloFSDK.xctest */,
				B2AAD6751C061C0F00AFBBB9 /* HelloFSDK.xctest */,
			);
			name = Products;
			sourceTree = "<group>";
		};
		B2AAD6551C061C0F00AFBBB9 /* HelloFBSDK */ = {
			isa = PBXGroup;
			children = (
				B2AAD6561C061C0F00AFBBB9 /* AppDelegate.swift */,
				B2AAD6581C061C0F00AFBBB9 /* ViewController.swift */,
				B2AAD65A1C061C0F00AFBBB9 /* Main.storyboard */,
				B2AAD6601C061C0F00AFBBB9 /* Assets.xcassets */,
				B2AAD6621C061C0F00AFBBB9 /* LaunchScreen.storyboard */,
				B2AAD6651C061C0F00AFBBB9 /* Info.plist */,
				B2AAD65D1C061C0F00AFBBB9 /* HelloFBSDK.xcdatamodeld */,
				B2AAD6961C061CD300AFBBB9 /* HelloFBSDK-Bridging-Header.h */,
				B2AAD6871C061C8600AFBBB9 /* Frameworks */,
			);
			path = HelloFBSDK;
			sourceTree = "<group>";
		};
		B2AAD66D1C061C0F00AFBBB9 /* HelloFBSDKTests */ = {
			isa = PBXGroup;
			children = (
				B2AAD66E1C061C0F00AFBBB9 /* HelloFBSDKTests.swift */,
				B2AAD6701C061C0F00AFBBB9 /* Info.plist */,
			);
			path = HelloFBSDKTests;
			sourceTree = "<group>";
		};
		B2AAD6781C061C0F00AFBBB9 /* HelloFBSDKUITests */ = {
			isa = PBXGroup;
			children = (
				B2AAD6791C061C0F00AFBBB9 /* HelloFBSDKUITests.swift */,
				B2AAD67B1C061C0F00AFBBB9 /* Info.plist */,
			);
			path = HelloFBSDKUITests;
			sourceTree = "<group>";
		};
		B2AAD6871C061C8600AFBBB9 /* Frameworks */ = {
			isa = PBXGroup;
			children = (
				B2AAD6881C061CBB00AFBBB9 /* Bolts.framework */,
				B2AAD6891C061CBB00AFBBB9 /* FacebookSDKStrings.bundle */,
				B2AAD68A1C061CBB00AFBBB9 /* FBAudienceNetwork.framework */,
				B2AAD68B1C061CBB00AFBBB9 /* FBSDKCoreKit.framework */,
				B2AAD68C1C061CBB00AFBBB9 /* FBSDKLoginKit.framework */,
				B2AAD68D1C061CBB00AFBBB9 /* FBSDKMessengerShareKit.framework */,
				B2AAD68E1C061CBB00AFBBB9 /* FBSDKShareKit.framework */,
			);
			name = Frameworks;
			sourceTree = "<group>";
		};
/* End PBXGroup section */

/* Begin PBXNativeTarget section */
		B2AAD6521C061C0F00AFBBB9 /* HelloFSDK */ = {
			isa = PBXNativeTarget;
			buildConfigurationList = B2AAD67E1C061C0F00AFBBB9 /* Build configuration list for PBXNativeTarget "HelloFSDK" */;
			buildPhases = (
				B2AAD64F1C061C0F00AFBBB9 /* Sources */,
				B2AAD6501C061C0F00AFBBB9 /* Frameworks */,
				B2AAD6511C061C0F00AFBBB9 /* Resources */,
			);
			buildRules = (
			);
			dependencies = (
			);
			name = HelloFSDK;
			productName = HelloFBSDK;
			productReference = B2AAD6531C061C0F00AFBBB9 /* HelloFSDK.app */;
			productType = "com.apple.product-type.application";
		};
		B2AAD6691C061C0F00AFBBB9 /* HelloFSDKTests */ = {
			isa = PBXNativeTarget;
			buildConfigurationList = B2AAD6811C061C0F00AFBBB9 /* Build configuration list for PBXNativeTarget "HelloFSDKTests" */;
			buildPhases = (
				B2AAD6661C061C0F00AFBBB9 /* Sources */,
				B2AAD6671C061C0F00AFBBB9 /* Frameworks */,
				B2AAD6681C061C0F00AFBBB9 /* Resources */,
			);
			buildRules = (
			);
			dependencies = (
				B2AAD66C1C061C0F00AFBBB9 /* PBXTargetDependency */,
			);
			name = HelloFSDKTests;
			productName = HelloFBSDKTests;
			productReference = B2AAD66A1C061C0F00AFBBB9 /* HelloFSDK.xctest */;
			productType = "com.apple.product-type.bundle.unit-test";
		};
		B2AAD6741C061C0F00AFBBB9 /* HelloFSDKUITests */ = {
			isa = PBXNativeTarget;
			buildConfigurationList = B2AAD6841C061C0F00AFBBB9 /* Build configuration list for PBXNativeTarget "HelloFSDKUITests" */;
			buildPhases = (
				B2AAD6711C061C0F00AFBBB9 /* Sources */,
				B2AAD6721C061C0F00AFBBB9 /* Frameworks */,
				B2AAD6731C061C0F00AFBBB9 /* Resources */,
			);
			buildRules = (
			);
			dependencies = (
				B2AAD6771C061C0F00AFBBB9 /* PBXTargetDependency */,
			);
			name = HelloFSDKUITests;
			productName = HelloFBSDKUITests;
			productReference = B2AAD6751C061C0F00AFBBB9 /* HelloFSDK.xctest */;
			productType = "com.apple.product-type.bundle.ui-testing";
		};
/* End PBXNativeTarget section */

/* Begin PBXProject section */
		B2AAD64B1C061C0F00AFBBB9 /* Project object */ = {
			isa = PBXProject;
			attributes = {
				LastSwiftUpdateCheck = 0710;
				LastUpgradeCheck = 0710;
				ORGANIZATIONNAME = TBLStudio;
				TargetAttributes = {
					B2AAD6521C061C0F00AFBBB9 = {
						CreatedOnToolsVersion = 7.1;
					};
					B2AAD6691C061C0F00AFBBB9 = {
						CreatedOnToolsVersion = 7.1;
						TestTargetID = B2AAD6521C061C0F00AFBBB9;
					};
					B2AAD6741C061C0F00AFBBB9 = {
						CreatedOnToolsVersion = 7.1;
						TestTargetID = B2AAD6521C061C0F00AFBBB9;
					};
				};
			};
			buildConfigurationList = B2AAD64E1C061C0F00AFBBB9 /* Build configuration list for PBXProject "HelloFSDK" */;
			compatibilityVersion = "Xcode 3.2";
			developmentRegion = English;
			hasScannedForEncodings = 0;
			knownRegions = (
				en,
				Base,
			);
			mainGroup = B2AAD64A1C061C0F00AFBBB9;
			productRefGroup = B2AAD6541C061C0F00AFBBB9 /* Products */;
			projectDirPath = "";
			projectRoot = "";
			targets = (
				B2AAD6521C061C0F00AFBBB9 /* HelloFSDK */,
				B2AAD6691C061C0F00AFBBB9 /* HelloFSDKTests */,
				B2AAD6741C061C0F00AFBBB9 /* HelloFSDKUITests */,
			);
		};
/* End PBXProject section */

/* Begin PBXResourcesBuildPhase section */
		B2AAD6511C061C0F00AFBBB9 /* Resources */ = {
			isa = PBXResourcesBuildPhase;
			buildActionMask = 2147483647;
			files = (
				B2AAD6641C061C0F00AFBBB9 /* LaunchScreen.storyboard in Resources */,
				B2AAD6611C061C0F00AFBBB9 /* Assets.xcassets in Resources */,
				B2AAD65C1C061C0F00AFBBB9 /* Main.storyboard in Resources */,
				B2AAD69A1C06220400AFBBB9 /* Default-568h@2x.png in Resources */,
				B2AAD6901C061CBB00AFBBB9 /* FacebookSDKStrings.bundle in Resources */,
			);
			runOnlyForDeploymentPostprocessing = 0;
		};
		B2AAD6681C061C0F00AFBBB9 /* Resources */ = {
			isa = PBXResourcesBuildPhase;
			buildActionMask = 2147483647;
			files = (
			);
			runOnlyForDeploymentPostprocessing = 0;
		};
		B2AAD6731C061C0F00AFBBB9 /* Resources */ = {
			isa = PBXResourcesBuildPhase;
			buildActionMask = 2147483647;
			files = (
			);
			runOnlyForDeploymentPostprocessing = 0;
		};
/* End PBXResourcesBuildPhase section */

/* Begin PBXSourcesBuildPhase section */
		B2AAD64F1C061C0F00AFBBB9 /* Sources */ = {
			isa = PBXSourcesBuildPhase;
			buildActionMask = 2147483647;
			files = (
				B2AAD6591C061C0F00AFBBB9 /* ViewController.swift in Sources */,
				B2AAD65F1C061C0F00AFBBB9 /* HelloFBSDK.xcdatamodeld in Sources */,
				B2AAD6571C061C0F00AFBBB9 /* AppDelegate.swift in Sources */,
			);
			runOnlyForDeploymentPostprocessing = 0;
		};
		B2AAD6661C061C0F00AFBBB9 /* Sources */ = {
			isa = PBXSourcesBuildPhase;
			buildActionMask = 2147483647;
			files = (
				B2AAD66F1C061C0F00AFBBB9 /* HelloFBSDKTests.swift in Sources */,
			);
			runOnlyForDeploymentPostprocessing = 0;
		};
		B2AAD6711C061C0F00AFBBB9 /* Sources */ = {
			isa = PBXSourcesBuildPhase;
			buildActionMask = 2147483647;
			files = (
				B2AAD67A1C061C0F00AFBBB9 /* HelloFBSDKUITests.swift in Sources */,
			);
			runOnlyForDeploymentPostprocessing = 0;
		};
/* End PBXSourcesBuildPhase section */

/* Begin PBXTargetDependency section */
		B2AAD66C1C061C0F00AFBBB9 /* PBXTargetDependency */ = {
			isa = PBXTargetDependency;
			target = B2AAD6521C061C0F00AFBBB9 /* HelloFSDK */;
			targetProxy = B2AAD66B1C061C0F00AFBBB9 /* PBXContainerItemProxy */;
		};
		B2AAD6771C061C0F00AFBBB9 /* PBXTargetDependency */ = {
			isa = PBXTargetDependency;
			target = B2AAD6521C061C0F00AFBBB9 /* HelloFSDK */;
			targetProxy = B2AAD6761C061C0F00AFBBB9 /* PBXContainerItemProxy */;
		};
/* End PBXTargetDependency section */

/* Begin PBXVariantGroup section */
		B2AAD65A1C061C0F00AFBBB9 /* Main.storyboard */ = {
			isa = PBXVariantGroup;
			children = (
				B2AAD65B1C061C0F00AFBBB9 /* Base */,
			);
			name = Main.storyboard;
			sourceTree = "<group>";
		};
		B2AAD6621C061C0F00AFBBB9 /* LaunchScreen.storyboard */ = {
			isa = PBXVariantGroup;
			children = (
				B2AAD6631C061C0F00AFBBB9 /* Base */,
			);
			name = LaunchScreen.storyboard;
			sourceTree = "<group>";
		};
/* End PBXVariantGroup section */

/* Begin XCBuildConfiguration section */
		B2AAD67C1C061C0F00AFBBB9 /* Debug */ = {
			isa = XCBuildConfiguration;
			buildSettings = {
				ALWAYS_SEARCH_USER_PATHS = NO;
				CLANG_CXX_LANGUAGE_STANDARD = "gnu++0x";
				CLANG_CXX_LIBRARY = "libc++";
				CLANG_ENABLE_MODULES = YES;
				CLANG_ENABLE_OBJC_ARC = YES;
				CLANG_WARN_BOOL_CONVERSION = YES;
				CLANG_WARN_CONSTANT_CONVERSION = YES;
				CLANG_WARN_DIRECT_OBJC_ISA_USAGE = YES_ERROR;
				CLANG_WARN_EMPTY_BODY = YES;
				CLANG_WARN_ENUM_CONVERSION = YES;
				CLANG_WARN_INT_CONVERSION = YES;
				CLANG_WARN_OBJC_ROOT_CLASS = YES_ERROR;
				CLANG_WARN_UNREACHABLE_CODE = YES;
				CLANG_WARN__DUPLICATE_METHOD_MATCH = YES;
				"CODE_SIGN_IDENTITY[sdk=iphoneos*]" = "iPhone Developer";
				COPY_PHASE_STRIP = NO;
				DEBUG_INFORMATION_FORMAT = dwarf;
				ENABLE_STRICT_OBJC_MSGSEND = YES;
				ENABLE_TESTABILITY = YES;
				GCC_C_LANGUAGE_STANDARD = gnu99;
				GCC_DYNAMIC_NO_PIC = NO;
				GCC_NO_COMMON_BLOCKS = YES;
				GCC_OPTIMIZATION_LEVEL = 0;
				GCC_PREPROCESSOR_DEFINITIONS = (
					"DEBUG=1",
					"$(inherited)",
				);
				GCC_WARN_64_TO_32_BIT_CONVERSION = YES;
				GCC_WARN_ABOUT_RETURN_TYPE = YES_ERROR;
				GCC_WARN_UNDECLARED_SELECTOR = YES;
				GCC_WARN_UNINITIALIZED_AUTOS = YES_AGGRESSIVE;
				GCC_WARN_UNUSED_FUNCTION = YES;
				GCC_WARN_UNUSED_VARIABLE = YES;
				IPHONEOS_DEPLOYMENT_TARGET = 7.0;
				MTL_ENABLE_DEBUG_INFO = YES;
				ONLY_ACTIVE_ARCH = YES;
				SDKROOT = iphoneos;
				SWIFT_OPTIMIZATION_LEVEL = "-Onone";
				TARGETED_DEVICE_FAMILY = "1,2";
			};
			name = Debug;
		};
		B2AAD67D1C061C0F00AFBBB9 /* Release */ = {
			isa = XCBuildConfiguration;
			buildSettings = {
				ALWAYS_SEARCH_USER_PATHS = NO;
				CLANG_CXX_LANGUAGE_STANDARD = "gnu++0x";
				CLANG_CXX_LIBRARY = "libc++";
				CLANG_ENABLE_MODULES = YES;
				CLANG_ENABLE_OBJC_ARC = YES;
				CLANG_WARN_BOOL_CONVERSION = YES;
				CLANG_WARN_CONSTANT_CONVERSION = YES;
				CLANG_WARN_DIRECT_OBJC_ISA_USAGE = YES_ERROR;
				CLANG_WARN_EMPTY_BODY = YES;
				CLANG_WARN_ENUM_CONVERSION = YES;
				CLANG_WARN_INT_CONVERSION = YES;
				CLANG_WARN_OBJC_ROOT_CLASS = YES_ERROR;
				CLANG_WARN_UNREACHABLE_CODE = YES;
				CLANG_WARN__DUPLICATE_METHOD_MATCH = YES;
				"CODE_SIGN_IDENTITY[sdk=iphoneos*]" = "iPhone Developer";
				COPY_PHASE_STRIP = NO;
				DEBUG_INFORMATION_FORMAT = "dwarf-with-dsym";
				ENABLE_NS_ASSERTIONS = NO;
				ENABLE_STRICT_OBJC_MSGSEND = YES;
				GCC_C_LANGUAGE_STANDARD = gnu99;
				GCC_NO_COMMON_BLOCKS = YES;
				GCC_WARN_64_TO_32_BIT_CONVERSION = YES;
				GCC_WARN_ABOUT_RETURN_TYPE = YES_ERROR;
				GCC_WARN_UNDECLARED_SELECTOR = YES;
				GCC_WARN_UNINITIALIZED_AUTOS = YES_AGGRESSIVE;
				GCC_WARN_UNUSED_FUNCTION = YES;
				GCC_WARN_UNUSED_VARIABLE = YES;
				IPHONEOS_DEPLOYMENT_TARGET = 7.0;
				MTL_ENABLE_DEBUG_INFO = NO;
				SDKROOT = iphoneos;
				TARGETED_DEVICE_FAMILY = "1,2";
				VALIDATE_PRODUCT = YES;
			};
			name = Release;
		};
		B2AAD67F1C061C0F00AFBBB9 /* Debug */ = {
			isa = XCBuildConfiguration;
			buildSettings = {
				ASSETCATALOG_COMPILER_APPICON_NAME = AppIcon;
				CLANG_ENABLE_MODULES = YES;
				ENABLE_BITCODE = NO;
				FRAMEWORK_SEARCH_PATHS = (
					"$(inherited)",
					"$(PROJECT_DIR)/HelloFBSDK",
				);
				INFOPLIST_FILE = HelloFBSDK/Info.plist;
				LD_RUNPATH_SEARCH_PATHS = "$(inherited) @executable_path/Frameworks";
				PRODUCT_BUNDLE_IDENTIFIER = TBLStudio.HelloFBSDK;
				PRODUCT_NAME = HelloFSDK;
				SWIFT_OBJC_BRIDGING_HEADER = "HelloFBSDK/HelloFBSDK-Bridging-Header.h";
				SWIFT_OPTIMIZATION_LEVEL = "-Onone";
			};
			name = Debug;
		};
		B2AAD6801C061C0F00AFBBB9 /* Release */ = {
			isa = XCBuildConfiguration;
			buildSettings = {
				ASSETCATALOG_COMPILER_APPICON_NAME = AppIcon;
				CLANG_ENABLE_MODULES = YES;
				ENABLE_BITCODE = NO;
				FRAMEWORK_SEARCH_PATHS = (
					"$(inherited)",
					"$(PROJECT_DIR)/HelloFBSDK",
				);
				INFOPLIST_FILE = HelloFBSDK/Info.plist;
				LD_RUNPATH_SEARCH_PATHS = "$(inherited) @executable_path/Frameworks";
				PRODUCT_BUNDLE_IDENTIFIER = TBLStudio.HelloFBSDK;
				PRODUCT_NAME = HelloFSDK;
				SWIFT_OBJC_BRIDGING_HEADER = "HelloFBSDK/HelloFBSDK-Bridging-Header.h";
			};
			name = Release;
		};
		B2AAD6821C061C0F00AFBBB9 /* Debug */ = {
			isa = XCBuildConfiguration;
			buildSettings = {
				BUNDLE_LOADER = "$(TEST_HOST)";
				INFOPLIST_FILE = HelloFBSDKTests/Info.plist;
				LD_RUNPATH_SEARCH_PATHS = "$(inherited) @executable_path/Frameworks @loader_path/Frameworks";
				PRODUCT_BUNDLE_IDENTIFIER = TBLStudio.HelloFBSDKTests;
				PRODUCT_NAME = HelloFSDK;
				TEST_HOST = "$(BUILT_PRODUCTS_DIR)/HelloFSDK.app/HelloFSDK";
			};
			name = Debug;
		};
		B2AAD6831C061C0F00AFBBB9 /* Release */ = {
			isa = XCBuildConfiguration;
			buildSettings = {
				BUNDLE_LOADER = "$(TEST_HOST)";
				INFOPLIST_FILE = HelloFBSDKTests/Info.plist;
				LD_RUNPATH_SEARCH_PATHS = "$(inherited) @executable_path/Frameworks @loader_path/Frameworks";
				PRODUCT_BUNDLE_IDENTIFIER = TBLStudio.HelloFBSDKTests;
				PRODUCT_NAME = HelloFSDK;
				TEST_HOST = "$(BUILT_PRODUCTS_DIR)/HelloFSDK.app/HelloFSDK";
			};
			name = Release;
		};
		B2AAD6851C061C0F00AFBBB9 /* Debug */ = {
			isa = XCBuildConfiguration;
			buildSettings = {
				INFOPLIST_FILE = HelloFBSDKUITests/Info.plist;
				LD_RUNPATH_SEARCH_PATHS = "$(inherited) @executable_path/Frameworks @loader_path/Frameworks";
				PRODUCT_BUNDLE_IDENTIFIER = TBLStudio.HelloFBSDKUITests;
				PRODUCT_NAME = HelloFSDK;
				TEST_TARGET_NAME = HelloFBSDK;
				USES_XCTRUNNER = YES;
			};
			name = Debug;
		};
		B2AAD6861C061C0F00AFBBB9 /* Release */ = {
			isa = XCBuildConfiguration;
			buildSettings = {
				INFOPLIST_FILE = HelloFBSDKUITests/Info.plist;
				LD_RUNPATH_SEARCH_PATHS = "$(inherited) @executable_path/Frameworks @loader_path/Frameworks";
				PRODUCT_BUNDLE_IDENTIFIER = TBLStudio.HelloFBSDKUITests;
				PRODUCT_NAME = HelloFSDK;
				TEST_TARGET_NAME = HelloFBSDK;
				USES_XCTRUNNER = YES;
			};
			name = Release;
		};
/* End XCBuildConfiguration section */

/* Begin XCConfigurationList section */
		B2AAD64E1C061C0F00AFBBB9 /* Build configuration list for PBXProject "HelloFSDK" */ = {
			isa = XCConfigurationList;
			buildConfigurations = (
				B2AAD67C1C061C0F00AFBBB9 /* Debug */,
				B2AAD67D1C061C0F00AFBBB9 /* Release */,
			);
			defaultConfigurationIsVisible = 0;
			defaultConfigurationName = Release;
		};
		B2AAD67E1C061C0F00AFBBB9 /* Build configuration list for PBXNativeTarget "HelloFSDK" */ = {
			isa = XCConfigurationList;
			buildConfigurations = (
				B2AAD67F1C061C0F00AFBBB9 /* Debug */,
				B2AAD6801C061C0F00AFBBB9 /* Release */,
			);
			defaultConfigurationIsVisible = 0;
		};
		B2AAD6811C061C0F00AFBBB9 /* Build configuration list for PBXNativeTarget "HelloFSDKTests" */ = {
			isa = XCConfigurationList;
			buildConfigurations = (
				B2AAD6821C061C0F00AFBBB9 /* Debug */,
				B2AAD6831C061C0F00AFBBB9 /* Release */,
			);
			defaultConfigurationIsVisible = 0;
		};
		B2AAD6841C061C0F00AFBBB9 /* Build configuration list for PBXNativeTarget "HelloFSDKUITests" */ = {
			isa = XCConfigurationList;
			buildConfigurations = (
				B2AAD6851C061C0F00AFBBB9 /* Debug */,
				B2AAD6861C061C0F00AFBBB9 /* Release */,
			);
			defaultConfigurationIsVisible = 0;
		};
/* End XCConfigurationList section */

/* Begin XCVersionGroup section */
		B2AAD65D1C061C0F00AFBBB9 /* HelloFBSDK.xcdatamodeld */ = {
			isa = XCVersionGroup;
			children = (
				B2AAD65E1C061C0F00AFBBB9 /* HelloFBSDK.xcdatamodel */,
			);
			currentVersion = B2AAD65E1C061C0F00AFBBB9 /* HelloFBSDK.xcdatamodel */;
			path = HelloFBSDK.xcdatamodeld;
			sourceTree = "<group>";
			versionGroupType = wrapper.xcdatamodel;
		};
/* End XCVersionGroup section */
	};
	rootObject = B2AAD64B1C061C0F00AFBBB9 /* Project object */;
}
